{
  "pins" : [
    {
      "identity" : "groceryappshareddto",
      "kind" : "remoteSourceControl",
      "location" : "https://github.com/mendesahdivio/GroceryAppSharedDTO.git",
      "state" : {
        "branch" : "main",
        "revision" : "9a58b31979a01330de85b5f8a44020b7e2453e3b"
      }
    }
  ],
  "version" : 2
}
